// !$*UTF8*$!
{
	archiveVersion = 1;
	classes = {
	};
	objectVersion = 77;
	objects = {

/* Begin PBXContainerItemProxy section */
		7433E5B32FA65C7900FFB0A5 /* PBXContainerItemProxy */ = {
			isa = PBXContainerItemProxy;
			containerPortal = 7433E59D2FA65C7700FFB0A5 /* Project object */;
			proxyType = 1;
			remoteGlobalIDString = 7433E5A42FA65C7700FFB0A5;
			remoteInfo = FingerTime;
		};
		7433E5BD2FA65C7900FFB0A5 /* PBXContainerItemProxy */ = {
			isa = PBXContainerItemProxy;
			containerPortal = 7433E59D2FA65C7700FFB0A5 /* Project object */;
			proxyType = 1;
			remoteGlobalIDString = 7433E5A42FA65C7700FFB0A5;
			remoteInfo = FingerTime;
		};
/* End PBXContainerItemProxy section */

/* Begin PBXFileReference section */
		7433E5A52FA65C7700FFB0A5 /* FingerTime.app */ = {isa = PBXFileReference; explicitFileType = wrapper.application; includeInIndex = 0; path = FingerTime.app; sourceTree = BUILT_PRODUCTS_DIR; };
		7433E5B22FA65C7900FFB0A5 /* FingerTimeTests.xctest */ = {isa = PBXFileReference; explicitFileType = wrapper.cfbundle; includeInIndex = 0; path = FingerTimeTests.xctest; sourceTree = BUILT_PRODUCTS_DIR; };
		7433E5BC2FA65C7900FFB0A5 /* FingerTimeUITests.xctest */ = {isa = PBXFileReference; explicitFileType = wrapper.cfbundle; includeInIndex = 0; path = FingerTimeUITests.xctest; sourceTree = BUILT_PRODUCTS_DIR; };
/* End PBXFileReference section */

/* Begin PBXFileSystemSynchronizedRootGroup section */
		7433E5A72FA65C7700FFB0A5 /* FingerTime */ = {
			isa = PBXFileSystemSynchronizedRootGroup;
			path = FingerTime;
			sourceTree = "<group>";
		};
		7433E5B52FA65C7900FFB0A5 /* FingerTimeTests */ = {
			isa = PBXFileSystemSynchronizedRootGroup;
			path = FingerTimeTests;
			sourceTree = "<group>";
		};
		7433E5BF2FA65C7900FFB0A5 /* FingerTimeUITests */ = {
			isa = PBXFileSystemSynchronizedRootGroup;
			path = FingerTimeUITests;
			sourceTree = "<group>";
		};
/* End PBXFileSystemSynchronizedRootGroup section */

/* Begin PBXFrameworksBuildPhase section */
		7433E5A22FA65C7700FFB0A5 /* Frameworks */ = {
			isa = PBXFrameworksBuildPhase;
			buildActionMask = 2147483647;
			files = (
			);
			runOnlyForDeploymentPostprocessing = 0;
		};
		7433E5AF2FA65C7900FFB0A5 /* Frameworks */ = {
			isa = PBXFrameworksBuildPhase;
			buildActionMask = 2147483647;
			files = (
			);
			runOnlyForDeploymentPostprocessing = 0;
		};
		7433E5B92FA65C7900FFB0A5 /* Frameworks */ = {
			isa = PBXFrameworksBuildPhase;
			buildActionMask = 2147483647;
			files = (
			);
			runOnlyForDeploymentPostprocessing = 0;
		};
/* End PBXFrameworksBuildPhase section */

/* Begin PBXGroup section */
		7433E59C2FA65C7700FFB0A5 = {
			isa = PBXGroup;
			children = (
				7433E5A72FA65C7700FFB0A5 /* FingerTime */,
				7433E5B52FA65C7900FFB0A5 /* FingerTimeTests */,
				7433E5BF2FA65C7900FFB0A5 /* FingerTimeUITests */,
				7433E5A62FA65C7700FFB0A5 /* Products */,
			);
			sourceTree = "<group>";
		};
		7433E5A62FA65C7700FFB0A5 /* Products */ = {
			isa = PBXGroup;
			children = (
				7433E5A52FA65C7700FFB0A5 /* FingerTime.app */,
				7433E5B22FA65C7900FFB0A5 /* FingerTimeTests.xctest */,
				7433E5BC2FA65C7900FFB0A5 /* FingerTimeUITests.xctest */,
			);
			name = Products;
			sourceTree = "<group>";
		};
/* End PBXGroup section */

/* Begin PBXNativeTarget section */
		7433E5A42FA65C7700FFB0A5 /* FingerTime */ = {
			isa = PBXNativeTarget;
			buildConfigurationList = 7433E5C62FA65C7900FFB0A5 /* Build configuration list for PBXNativeTarget "FingerTime" */;
			buildPhases = (
				7433E5A12FA65C7700FFB0A5 /* Sources */,
				7433E5A22FA65C7700FFB0A5 /* Frameworks */,
				7433E5A32FA65C7700FFB0A5 /* Resources */,
			);
			buildRules = (
			);
			dependencies = (
			);
			fileSystemSynchronizedGroups = (
				7433E5A72FA65C7700FFB0A5 /* FingerTime */,
			);
			name = FingerTime;
			packageProductDependencies = (
			);
			productName = FingerTime;
			productReference = 7433E5A52FA65C7700FFB0A5 /* FingerTime.app */;
			productType = "com.apple.product-type.application";
		};
		7433E5B12FA65C7900FFB0A5 /* FingerTimeTests */ = {
			isa = PBXNativeTarget;
			buildConfigurationList = 7433E5C92FA65C7900FFB0A5 /* Build configuration list for PBXNativeTarget "FingerTimeTests" */;
			buildPhases = (
				7433E5AE2FA65C7900FFB0A5 /* Sources */,
				7433E5AF2FA65C7900FFB0A5 /* Frameworks */,
				7433E5B02FA65C7900FFB0A5 /* Resources */,
			);
			buildRules = (
			);
			dependencies = (
				7433E5B42FA65C7900FFB0A5 /* PBXTargetDependency */,
			);
			fileSystemSynchronizedGroups = (
				7433E5B52FA65C7900FFB0A5 /* FingerTimeTests */,
			);
			name = FingerTimeTests;
			packageProductDependencies = (
			);
			productName = FingerTimeTests;
			productReference = 7433E5B22FA65C7900FFB0A5 /* FingerTimeTests.xctest */;
			productType = "com.apple.product-type.bundle.unit-test";
		};
		7433E5BB2FA65C7900FFB0A5 /* FingerTimeUITests */ = {
			isa = PBXNativeTarget;
			buildConfigurationList = 7433E5CC2FA65C7900FFB0A5 /* Build configuration list for PBXNativeTarget "FingerTimeUITests" */;
			buildPhases = (
				7433E5B82FA65C7900FFB0A5 /* Sources */,
				7433E5B92FA65C7900FFB0A5 /* Frameworks */,
				7433E5BA2FA65C7900FFB0A5 /* Resources */,
			);
			buildRules = (
			);
			dependencies = (
				7433E5BE2FA65C7900FFB0A5 /* PBXTargetDependency */,
			);
			fileSystemSynchronizedGroups = (
				7433E5BF2FA65C7900FFB0A5 /* FingerTimeUITests */,
			);
			name = FingerTimeUITests;
			packageProductDependencies = (
			);
			productName = FingerTimeUITests;
			productReference = 7433E5BC2FA65C7900FFB0A5 /* FingerTimeUITests.xctest */;
			productType = "com.apple.product-type.bundle.ui-testing";
		};
/* End PBXNativeTarget section */

/* Begin PBXProject section */
		7433E59D2FA65C7700FFB0A5 /* Project object */ = {
			isa = PBXProject;
			attributes = {
				BuildIndependentTargetsInParallel = 1;
				LastSwiftUpdateCheck = 2640;
				LastUpgradeCheck = 2640;
				TargetAttributes = {
					7433E5A42FA65C7700FFB0A5 = {
						CreatedOnToolsVersion = 26.4.1;
					};
					7433E5B12FA65C7900FFB0A5 = {
						CreatedOnToolsVersion = 26.4.1;
						TestTargetID = 7433E5A42FA65C7700FFB0A5;
					};
					7433E5BB2FA65C7900FFB0A5 = {
						CreatedOnToolsVersion = 26.4.1;
						TestTargetID = 7433E5A42FA65C7700FFB0A5;
					};
				};
			};
			buildConfigurationList = 7433E5A02FA65C7700FFB0A5 /* Build configuration list for PBXProject "FingerTime" */;
			developmentRegion = en;
			hasScannedForEncodings = 0;
			knownRegions = (
				en,
				Base,
			);
			mainGroup = 7433E59C2FA65C7700FFB0A5;
			minimizedProjectReferenceProxies = 1;
			preferredProjectObjectVersion = 77;
			productRefGroup = 7433E5A62FA65C7700FFB0A5 /* Products */;
			projectDirPath = "";
			projectRoot = "";
			targets = (
				7433E5A42FA65C7700FFB0A5 /* FingerTime */,
				7433E5B12FA65C7900FFB0A5 /* FingerTimeTests */,
				7433E5BB2FA65C7900FFB0A5 /* FingerTimeUITests */,
			);
		};
/* End PBXProject section */

/* Begin PBXResourcesBuildPhase section */
		7433E5A32FA65C7700FFB0A5 /* Resources */ = {
			isa = PBXResourcesBuildPhase;
			buildActionMask = 2147483647;
			files = (
			);
			runOnlyForDeploymentPostprocessing = 0;
		};
		7433E5B02FA65C7900FFB0A5 /* Resources */ = {
			isa = PBXResourcesBuildPhase;
			buildActionMask = 2147483647;
			files = (
			);
			runOnlyForDeploymentPostprocessing = 0;
		};
		7433E5BA2FA65C7900FFB0A5 /* Resources */ = {
			isa = PBXResourcesBuildPhase;
			buildActionMask = 2147483647;
			files = (
			);
			runOnlyForDeploymentPostprocessing = 0;
		};
/* End PBXResourcesBuildPhase section */

/* Begin PBXSourcesBuildPhase section */
		7433E5A12FA65C7700FFB0A5 /* Sources */ = {
			isa = PBXSourcesBuildPhase;
			buildActionMask = 2147483647;
			files = (
			);
			runOnlyForDeploymentPostprocessing = 0;
		};
		7433E5AE2FA65C7900FFB0A5 /* Sources */ = {
			isa = PBXSourcesBuildPhase;
			buildActionMask = 2147483647;
			files = (
			);
			runOnlyForDeploymentPostprocessing = 0;
		};
		7433E5B82FA65C7900FFB0A5 /* Sources */ = {
			isa = PBXSourcesBuildPhase;
			buildActionMask = 2147483647;
			files = (
			);
			runOnlyForDeploymentPostprocessing = 0;
		};
/* End PBXSourcesBuildPhase section */

/* Begin PBXTargetDependency section */
		7433E5B42FA65C7900FFB0A5 /* PBXTargetDependency */ = {
			isa = PBXTargetDependency;
			target = 7433E5A42FA65C7700FFB0A5 /* FingerTime */;
			targetProxy = 7433E5B32FA65C7900FFB0A5 /* PBXContainerItemProxy */;
		};
		7433E5BE2FA65C7900FFB0A5 /* PBXTargetDependency */ = {
			isa = PBXTargetDependency;
			target = 7433E5A42FA65C7700FFB0A5 /* FingerTime */;
			targetProxy = 7433E5BD2FA65C7900FFB0A5 /* PBXContainerItemProxy */;
		};
/* End PBXTargetDependency section */

/* Begin XCBuildConfiguration section */
		7433E5C42FA65C7900FFB0A5 /* Debug */ = {
			isa = XCBuildConfiguration;
			buildSettings = {
				ALWAYS_SEARCH_USER_PATHS = NO;
				ASSETCATALOG_COMPILER_GENERATE_SWIFT_ASSET_SYMBOL_EXTENSIONS = YES;
				CLANG_ANALYZER_NONNULL = YES;
				CLANG_ANALYZER_NUMBER_OBJECT_CONVERSION = YES_AGGRESSIVE;
				CLANG_CXX_LANGUAGE_STANDARD = "gnu++20";
				CLANG_ENABLE_MODULES = YES;
				CLANG_ENABLE_OBJC_ARC = YES;
				CLANG_ENABLE_OBJC_WEAK = YES;
				CLANG_WARN_BLOCK_CAPTURE_AUTORELEASING = YES;
				CLANG_WARN_BOOL_CONVERSION = YES;
				CLANG_WARN_COMMA = YES;
				CLANG_WARN_CONSTANT_CONVERSION = YES;
				CLANG_WARN_DEPRECATED_OBJC_IMPLEMENTATIONS = YES;
				CLANG_WARN_DIRECT_OBJC_ISA_USAGE = YES_ERROR;
				CLANG_WARN_DOCUMENTATION_COMMENTS = YES;
				CLANG_WARN_EMPTY_BODY = YES;
				CLANG_WARN_ENUM_CONVERSION = YES;
				CLANG_WARN_INFINITE_RECURSION = YES;
				CLANG_WARN_INT_CONVERSION = YES;
				CLANG_WARN_NON_LITERAL_NULL_CONVERSION = YES;
				CLANG_WARN_OBJC_IMPLICIT_RETAIN_SELF = YES;
				CLANG_WARN_OBJC_LITERAL_CONVERSION = YES;
				CLANG_WARN_OBJC_ROOT_CLASS = YES_ERROR;
				CLANG_WARN_QUOTED_INCLUDE_IN_FRAMEWORK_HEADER = YES;
				CLANG_WARN_RANGE_LOOP_ANALYSIS = YES;
				CLANG_WARN_STRICT_PROTOTYPES = YES;
				CLANG_WARN_SUSPICIOUS_MOVE = YES;
				CLANG_WARN_UNGUARDED_AVAILABILITY = YES_AGGRESSIVE;
				CLANG_WARN_UNREACHABLE_CODE = YES;
				CLANG_WARN__DUPLICATE_METHOD_MATCH = YES;
				COPY_PHASE_STRIP = NO;
				DEBUG_INFORMATION_FORMAT = dwarf;
				DEVELOPMENT_TEAM = HY47J4787Q;
				ENABLE_STRICT_OBJC_MSGSEND = YES;
				ENABLE_TESTABILITY = YES;
				ENABLE_USER_SCRIPT_SANDBOXING = YES;
				GCC_C_LANGUAGE_STANDARD = gnu17;
				GCC_DYNAMIC_NO_PIC = NO;
				GCC_NO_COMMON_BLOCKS = YES;
				GCC_OPTIMIZATION_LEVEL = 0;
				GCC_PREPROCESSOR_DEFINITIONS = (
					"DEBUG=1",
					"$(inherited)",
				);
				GCC_WARN_64_TO_32_BIT_CONVERSION = YES;
				GCC_WARN_ABOUT_RETURN_TYPE = YES_ERROR;
				GCC_WARN_UNDECLARED_SELECTOR = YES;
				GCC_WARN_UNINITIALIZED_AUTOS = YES_AGGRESSIVE;
				GCC_WARN_UNUSED_FUNCTION = YES;
				GCC_WARN_UNUSED_VARIABLE = YES;
				IPHONEOS_DEPLOYMENT_TARGET = 17.6;
				LOCALIZATION_PREFERS_STRING_CATALOGS = YES;
				MTL_ENABLE_DEBUG_INFO = INCLUDE_SOURCE;
				MTL_FAST_MATH = YES;
				ONLY_ACTIVE_ARCH = YES;
				SDKROOT = iphoneos;
				SWIFT_ACTIVE_COMPILATION_CONDITIONS = "DEBUG $(inherited)";
				SWIFT_OPTIMIZATION_LEVEL = "-Onone";
			};
			name = Debug;
		};
		7433E5C52FA65C7900FFB0A5 /* Release */ = {
			isa = XCBuildConfiguration;
			buildSettings = {
				ALWAYS_SEARCH_USER_PATHS = NO;
				ASSETCATALOG_COMPILER_GENERATE_SWIFT_ASSET_SYMBOL_EXTENSIONS = YES;
				CLANG_ANALYZER_NONNULL = YES;
				CLANG_ANALYZER_NUMBER_OBJECT_CONVERSION = YES_AGGRESSIVE;
				CLANG_CXX_LANGUAGE_STANDARD = "gnu++20";
				CLANG_ENABLE_MODULES = YES;
				CLANG_ENABLE_OBJC_ARC = YES;
				CLANG_ENABLE_OBJC_WEAK = YES;
				CLANG_WARN_BLOCK_CAPTURE_AUTORELEASING = YES;
				CLANG_WARN_BOOL_CONVERSION = YES;
				CLANG_WARN_COMMA = YES;
				CLANG_WARN_CONSTANT_CONVERSION = YES;
				CLANG_WARN_DEPRECATED_OBJC_IMPLEMENTATIONS = YES;
				CLANG_WARN_DIRECT_OBJC_ISA_USAGE = YES_ERROR;
				CLANG_WARN_DOCUMENTATION_COMMENTS = YES;
				CLANG_WARN_EMPTY_BODY = YES;
				CLANG_WARN_ENUM_CONVERSION = YES;
				CLANG_WARN_INFINITE_RECURSION = YES;
				CLANG_WARN_INT_CONVERSION = YES;
				CLANG_WARN_NON_LITERAL_NULL_CONVERSION = YES;
				CLANG_WARN_OBJC_IMPLICIT_RETAIN_SELF = YES;
				CLANG_WARN_OBJC_LITERAL_CONVERSION = YES;
				CLANG_WARN_OBJC_ROOT_CLASS = YES_ERROR;
				CLANG_WARN_QUOTED_INCLUDE_IN_FRAMEWORK_HEADER = YES;
				CLANG_WARN_RANGE_LOOP_ANALYSIS = YES;
				CLANG_WARN_STRICT_PROTOTYPES = YES;
				CLANG_WARN_SUSPICIOUS_MOVE = YES;
				CLANG_WARN_UNGUARDED_AVAILABILITY = YES_AGGRESSIVE;
				CLANG_WARN_UNREACHABLE_CODE = YES;
				CLANG_WARN__DUPLICATE_METHOD_MATCH = YES;
				COPY_PHASE_STRIP = NO;
				DEBUG_INFORMATION_FORMAT = "dwarf-with-dsym";
				DEVELOPMENT_TEAM = HY47J4787Q;
				ENABLE_NS_ASSERTIONS = NO;
				ENABLE_STRICT_OBJC_MSGSEND = YES;
				ENABLE_USER_SCRIPT_SANDBOXING = YES;
				GCC_C_LANGUAGE_STANDARD = gnu17;
				GCC_NO_COMMON_BLOCKS = YES;
				GCC_WARN_64_TO_32_BIT_CONVERSION = YES;
				GCC_WARN_ABOUT_RETURN_TYPE = YES_ERROR;
				GCC_WARN_UNDECLARED_SELECTOR = YES;
				GCC_WARN_UNINITIALIZED_AUTOS = YES_AGGRESSIVE;
				GCC_WARN_UNUSED_FUNCTION = YES;
				GCC_WARN_UNUSED_VARIABLE = YES;
				IPHONEOS_DEPLOYMENT_TARGET = 17.6;
				LOCALIZATION_PREFERS_STRING_CATALOGS = YES;
				MTL_ENABLE_DEBUG_INFO = NO;
				MTL_FAST_MATH = YES;
				SDKROOT = iphoneos;
				SWIFT_COMPILATION_MODE = wholemodule;
				VALIDATE_PRODUCT = YES;
			};
			name = Release;
		};
		7433E5C72FA65C7900FFB0A5 /* Debug */ = {
			isa = XCBuildConfiguration;
			buildSettings = {
				ASSETCATALOG_COMPILER_APPICON_NAME = AppIcon;
				ASSETCATALOG_COMPILER_GLOBAL_ACCENT_COLOR_NAME = AccentColor;
				CODE_SIGN_STYLE = Automatic;
				CURRENT_PROJECT_VERSION = 1;
				DEVELOPMENT_TEAM = HY47J4787Q;
				ENABLE_PREVIEWS = YES;
				GENERATE_INFOPLIST_FILE = YES;
				INFOPLIST_KEY_NSCameraUsageDescription = "가족 얼굴 사진을 시계에 넣기 위해 카메라를 사용합니다.";
				INFOPLIST_KEY_NSPhotoLibraryUsageDescription = "가족 얼굴 사진을 시계에 넣기 위해 사진 보관함을 사용합니다.";
				INFOPLIST_KEY_UIApplicationSceneManifest_Generation = YES;
				INFOPLIST_KEY_UIApplicationSupportsIndirectInputEvents = YES;
				INFOPLIST_KEY_UILaunchScreen_Generation = YES;
				INFOPLIST_KEY_UISupportedInterfaceOrientations_iPad = "UIInterfaceOrientationPortrait UIInterfaceOrientationPortraitUpsideDown UIInterfaceOrientationLandscapeLeft UIInterfaceOrientationLandscapeRight";
				INFOPLIST_KEY_UISupportedInterfaceOrientations_iPhone = "UIInterfaceOrientationPortrait UIInterfaceOrientationLandscapeLeft UIInterfaceOrientationLandscapeRight";
				IPHONEOS_DEPLOYMENT_TARGET = 17.5;
				LD_RUNPATH_SEARCH_PATHS = (
					"$(inherited)",
					"@executable_path/Frameworks",
				);
				MARKETING_VERSION = 1.0;
				PRODUCT_BUNDLE_IDENTIFIER = com.oozoofrog.app.FingerTime;
				PRODUCT_NAME = "$(TARGET_NAME)";
				STRING_CATALOG_GENERATE_SYMBOLS = YES;
				SWIFT_APPROACHABLE_CONCURRENCY = YES;
				SWIFT_DEFAULT_ACTOR_ISOLATION = MainActor;
				SWIFT_EMIT_LOC_STRINGS = YES;
				SWIFT_UPCOMING_FEATURE_MEMBER_IMPORT_VISIBILITY = YES;
				SWIFT_VERSION = 5.0;
				TARGETED_DEVICE_FAMILY = "1,2";
			};
			name = Debug;
		};
		7433E5C82FA65C7900FFB0A5 /* Release */ = {
			isa = XCBuildConfiguration;
			buildSettings = {
				ASSETCATALOG_COMPILER_APPICON_NAME = AppIcon;
				ASSETCATALOG_COMPILER_GLOBAL_ACCENT_COLOR_NAME = AccentColor;
				CODE_SIGN_STYLE = Automatic;
				CURRENT_PROJECT_VERSION = 1;
				DEVELOPMENT_TEAM = HY47J4787Q;
				ENABLE_PREVIEWS = YES;
				GENERATE_INFOPLIST_FILE = YES;
				INFOPLIST_KEY_NSCameraUsageDescription = "가족 얼굴 사진을 시계에 넣기 위해 카메라를 사용합니다.";
				INFOPLIST_KEY_NSPhotoLibraryUsageDescription = "가족 얼굴 사진을 시계에 넣기 위해 사진 보관함을 사용합니다.";
				INFOPLIST_KEY_UIApplicationSceneManifest_Generation = YES;
				INFOPLIST_KEY_UIApplicationSupportsIndirectInputEvents = YES;
				INFOPLIST_KEY_UILaunchScreen_Generation = YES;
				INFOPLIST_KEY_UISupportedInterfaceOrientations_iPad = "UIInterfaceOrientationPortrait UIInterfaceOrientationPortraitUpsideDown UIInterfaceOrientationLandscapeLeft UIInterfaceOrientationLandscapeRight";
				INFOPLIST_KEY_UISupportedInterfaceOrientations_iPhone = "UIInterfaceOrientationPortrait UIInterfaceOrientationLandscapeLeft UIInterfaceOrientationLandscapeRight";
				IPHONEOS_DEPLOYMENT_TARGET = 17.5;
				LD_RUNPATH_SEARCH_PATHS = (
					"$(inherited)",
					"@executable_path/Frameworks",
				);
				MARKETING_VERSION = 1.0;
				PRODUCT_BUNDLE_IDENTIFIER = com.oozoofrog.app.FingerTime;
				PRODUCT_NAME = "$(TARGET_NAME)";
				STRING_CATALOG_GENERATE_SYMBOLS = YES;
				SWIFT_APPROACHABLE_CONCURRENCY = YES;
				SWIFT_DEFAULT_ACTOR_ISOLATION = MainActor;
				SWIFT_EMIT_LOC_STRINGS = YES;
				SWIFT_UPCOMING_FEATURE_MEMBER_IMPORT_VISIBILITY = YES;
				SWIFT_VERSION = 5.0;
				TARGETED_DEVICE_FAMILY = "1,2";
			};
			name = Release;
		};
		7433E5CA2FA65C7900FFB0A5 /* Debug */ = {
			isa = XCBuildConfiguration;
			buildSettings = {
				BUNDLE_LOADER = "$(TEST_HOST)";
				CODE_SIGN_STYLE = Automatic;
				CURRENT_PROJECT_VERSION = 1;
				DEVELOPMENT_TEAM = HY47J4787Q;
				GENERATE_INFOPLIST_FILE = YES;
				IPHONEOS_DEPLOYMENT_TARGET = 17.5;
				MARKETING_VERSION = 1.0;
				PRODUCT_BUNDLE_IDENTIFIER = com.oozoofrog.macos.FingerTimeTests;
				PRODUCT_NAME = "$(TARGET_NAME)";
				STRING_CATALOG_GENERATE_SYMBOLS = NO;
				SWIFT_APPROACHABLE_CONCURRENCY = YES;
				SWIFT_EMIT_LOC_STRINGS = NO;
				SWIFT_UPCOMING_FEATURE_MEMBER_IMPORT_VISIBILITY = YES;
				SWIFT_VERSION = 5.0;
				TARGETED_DEVICE_FAMILY = "1,2";
				TEST_HOST = "$(BUILT_PRODUCTS_DIR)/FingerTime.app/$(BUNDLE_EXECUTABLE_FOLDER_PATH)/FingerTime";
			};
			name = Debug;
		};
		7433E5CB2FA65C7900FFB0A5 /* Release */ = {
			isa = XCBuildConfiguration;
			buildSettings = {
				BUNDLE_LOADER = "$(TEST_HOST)";
				CODE_SIGN_STYLE = Automatic;
				CURRENT_PROJECT_VERSION = 1;
				DEVELOPMENT_TEAM = HY47J4787Q;
				GENERATE_INFOPLIST_FILE = YES;
				IPHONEOS_DEPLOYMENT_TARGET = 17.5;
				MARKETING_VERSION = 1.0;
				PRODUCT_BUNDLE_IDENTIFIER = com.oozoofrog.macos.FingerTimeTests;
				PRODUCT_NAME = "$(TARGET_NAME)";
				STRING_CATALOG_GENERATE_SYMBOLS = NO;
				SWIFT_APPROACHABLE_CONCURRENCY = YES;
				SWIFT_EMIT_LOC_STRINGS = NO;
				SWIFT_UPCOMING_FEATURE_MEMBER_IMPORT_VISIBILITY = YES;
				SWIFT_VERSION = 5.0;
				TARGETED_DEVICE_FAMILY = "1,2";
				TEST_HOST = "$(BUILT_PRODUCTS_DIR)/FingerTime.app/$(BUNDLE_EXECUTABLE_FOLDER_PATH)/FingerTime";
			};
			name = Release;
		};
		7433E5CD2FA65C7900FFB0A5 /* Debug */ = {
			isa = XCBuildConfiguration;
			buildSettings = {
				CODE_SIGN_STYLE = Automatic;
				CURRENT_PROJECT_VERSION = 1;
				DEVELOPMENT_TEAM = HY47J4787Q;
				GENERATE_INFOPLIST_FILE = YES;
				MARKETING_VERSION = 1.0;
				PRODUCT_BUNDLE_IDENTIFIER = com.oozoofrog.macos.FingerTimeUITests;
				PRODUCT_NAME = "$(TARGET_NAME)";
				STRING_CATALOG_GENERATE_SYMBOLS = NO;
				SWIFT_APPROACHABLE_CONCURRENCY = YES;
				SWIFT_EMIT_LOC_STRINGS = NO;
				SWIFT_UPCOMING_FEATURE_MEMBER_IMPORT_VISIBILITY = YES;
				SWIFT_VERSION = 5.0;
				TARGETED_DEVICE_FAMILY = "1,2";
				TEST_TARGET_NAME = FingerTime;
			};
			name = Debug;
		};
		7433E5CE2FA65C7900FFB0A5 /* Release */ = {
			isa = XCBuildConfiguration;
			buildSettings = {
				CODE_SIGN_STYLE = Automatic;
				CURRENT_PROJECT_VERSION = 1;
				DEVELOPMENT_TEAM = HY47J4787Q;
				GENERATE_INFOPLIST_FILE = YES;
				MARKETING_VERSION = 1.0;
				PRODUCT_BUNDLE_IDENTIFIER = com.oozoofrog.macos.FingerTimeUITests;
				PRODUCT_NAME = "$(TARGET_NAME)";
				STRING_CATALOG_GENERATE_SYMBOLS = NO;
				SWIFT_APPROACHABLE_CONCURRENCY = YES;
				SWIFT_EMIT_LOC_STRINGS = NO;
				SWIFT_UPCOMING_FEATURE_MEMBER_IMPORT_VISIBILITY = YES;
				SWIFT_VERSION = 5.0;
				TARGETED_DEVICE_FAMILY = "1,2";
				TEST_TARGET_NAME = FingerTime;
			};
			name = Release;
		};
/* End XCBuildConfiguration section */

/* Begin XCConfigurationList section */
		7433E5A02FA65C7700FFB0A5 /* Build configuration list for PBXProject "FingerTime" */ = {
			isa = XCConfigurationList;
			buildConfigurations = (
				7433E5C42FA65C7900FFB0A5 /* Debug */,
				7433E5C52FA65C7900FFB0A5 /* Release */,
			);
			defaultConfigurationIsVisible = 0;
			defaultConfigurationName = Release;
		};
		7433E5C62FA65C7900FFB0A5 /* Build configuration list for PBXNativeTarget "FingerTime" */ = {
			isa = XCConfigurationList;
			buildConfigurations = (
				7433E5C72FA65C7900FFB0A5 /* Debug */,
				7433E5C82FA65C7900FFB0A5 /* Release */,
			);
			defaultConfigurationIsVisible = 0;
			defaultConfigurationName = Release;
		};
		7433E5C92FA65C7900FFB0A5 /* Build configuration list for PBXNativeTarget "FingerTimeTests" */ = {
			isa = XCConfigurationList;
			buildConfigurations = (
				7433E5CA2FA65C7900FFB0A5 /* Debug */,
				7433E5CB2FA65C7900FFB0A5 /* Release */,
			);
			defaultConfigurationIsVisible = 0;
			defaultConfigurationName = Release;
		};
		7433E5CC2FA65C7900FFB0A5 /* Build configuration list for PBXNativeTarget "FingerTimeUITests" */ = {
			isa = XCConfigurationList;
			buildConfigurations = (
				7433E5CD2FA65C7900FFB0A5 /* Debug */,
				7433E5CE2FA65C7900FFB0A5 /* Release */,
			);
			defaultConfigurationIsVisible = 0;
			defaultConfigurationName = Release;
		};
/* End XCConfigurationList section */
	};
	rootObject = 7433E59D2FA65C7700FFB0A5 /* Project object */;
}
